// !$*UTF8*$!
{
	archiveVersion = 1;
	classes = {
	};
	objectVersion = 46;
	objects = {

/* Begin PBXBuildFile section */
		03884C1D1A683D6B000FE594 /* AppDelegate.swift in Sources */ = {isa = PBXBuildFile; fileRef = 03884C1C1A683D6B000FE594 /* AppDelegate.swift */; };
		03884C1F1A683D6B000FE594 /* ViewController.swift in Sources */ = {isa = PBXBuildFile; fileRef = 03884C1E1A683D6B000FE594 /* ViewController.swift */; };
		03884C221A683D6B000FE594 /* Main.storyboard in Resources */ = {isa = PBXBuildFile; fileRef = 03884C201A683D6B000FE594 /* Main.storyboard */; };
		03884C241A683D6B000FE594 /* Images.xcassets in Resources */ = {isa = PBXBuildFile; fileRef = 03884C231A683D6B000FE594 /* Images.xcassets */; };
		03884C271A683D6B000FE594 /* LaunchScreen.xib in Resources */ = {isa = PBXBuildFile; fileRef = 03884C251A683D6B000FE594 /* LaunchScreen.xib */; };
		03884C331A683D6B000FE594 /* Swift_tac_toeTests.swift in Sources */ = {isa = PBXBuildFile; fileRef = 03884C321A683D6B000FE594 /* Swift_tac_toeTests.swift */; };
/* End PBXBuildFile section */

/* Begin PBXContainerItemProxy section */
		03884C2D1A683D6B000FE594 /* PBXContainerItemProxy */ = {
			isa = PBXContainerItemProxy;
			containerPortal = 03884C0F1A683D6B000FE594 /* Project object */;
			proxyType = 1;
			remoteGlobalIDString = 03884C161A683D6B000FE594;
			remoteInfo = "Swift-tac-toe";
		};
/* End PBXContainerItemProxy section */

/* Begin PBXFileReference section */
		03884C171A683D6B000FE594 /* Swift-tac-toe.app */ = {isa = PBXFileReference; explicitFileType = wrapper.application; includeInIndex = 0; path = "Swift-tac-toe.app"; sourceTree = BUILT_PRODUCTS_DIR; };
		03884C1B1A683D6B000FE594 /* Info.plist */ = {isa = PBXFileReference; lastKnownFileType = text.plist.xml; path = Info.plist; sourceTree = "<group>"; };
		03884C1C1A683D6B000FE594 /* AppDelegate.swift */ = {isa = PBXFileReference; lastKnownFileType = sourcecode.swift; path = AppDelegate.swift; sourceTree = "<group>"; };
		03884C1E1A683D6B000FE594 /* ViewController.swift */ = {isa = PBXFileReference; lastKnownFileType = sourcecode.swift; path = ViewController.swift; sourceTree = "<group>"; };
		03884C211A683D6B000FE594 /* Base */ = {isa = PBXFileReference; lastKnownFileType = file.storyboard; name = Base; path = Base.lproj/Main.storyboard; sourceTree = "<group>"; };
		03884C231A683D6B000FE594 /* Images.xcassets */ = {isa = PBXFileReference; lastKnownFileType = folder.assetcatalog; path = Images.xcassets; sourceTree = "<group>"; };
		03884C261A683D6B000FE594 /* Base */ = {isa = PBXFileReference; lastKnownFileType = file.xib; name = Base; path = Base.lproj/LaunchScreen.xib; sourceTree = "<group>"; };
		03884C2C1A683D6B000FE594 /* Swift-tac-toeTests.xctest */ = {isa = PBXFileReference; explicitFileType = wrapper.cfbundle; includeInIndex = 0; path = "Swift-tac-toeTests.xctest"; sourceTree = BUILT_PRODUCTS_DIR; };
		03884C311A683D6B000FE594 /* Info.plist */ = {isa = PBXFileReference; lastKnownFileType = text.plist.xml; path = Info.plist; sourceTree = "<group>"; };
		03884C321A683D6B000FE594 /* Swift_tac_toeTests.swift */ = {isa = PBXFileReference; lastKnownFileType = sourcecode.swift; path = Swift_tac_toeTests.swift; sourceTree = "<group>"; };
/* End PBXFileReference section */

/* Begin PBXFrameworksBuildPhase section */
		03884C141A683D6B000FE594 /* Frameworks */ = {
			isa = PBXFrameworksBuildPhase;
			buildActionMask = 2147483647;
			files = (
			);
			runOnlyForDeploymentPostprocessing = 0;
		};
		03884C291A683D6B000FE594 /* Frameworks */ = {
			isa = PBXFrameworksBuildPhase;
			buildActionMask = 2147483647;
			files = (
			);
			runOnlyForDeploymentPostprocessing = 0;
		};
/* End PBXFrameworksBuildPhase section */

/* Begin PBXGroup section */
		03884C0E1A683D6B000FE594 = {
			isa = PBXGroup;
			children = (
				03884C191A683D6B000FE594 /* Swift-tac-toe */,
				03884C2F1A683D6B000FE594 /* Swift-tac-toeTests */,
				03884C181A683D6B000FE594 /* Products */,
			);
			sourceTree = "<group>";
		};
		03884C181A683D6B000FE594 /* Products */ = {
			isa = PBXGroup;
			children = (
				03884C171A683D6B000FE594 /* Swift-tac-toe.app */,
				03884C2C1A683D6B000FE594 /* Swift-tac-toeTests.xctest */,
			);
			name = Products;
			sourceTree = "<group>";
		};
		03884C191A683D6B000FE594 /* Swift-tac-toe */ = {
			isa = PBXGroup;
			children = (
				03884C1C1A683D6B000FE594 /* AppDelegate.swift */,
				03884C1E1A683D6B000FE594 /* ViewController.swift */,
				03884C201A683D6B000FE594 /* Main.storyboard */,
				03884C231A683D6B000FE594 /* Images.xcassets */,
				03884C251A683D6B000FE594 /* LaunchScreen.xib */,
				03884C1A1A683D6B000FE594 /* Supporting Files */,
			);
			path = "Swift-tac-toe";
			sourceTree = "<group>";
		};
		03884C1A1A683D6B000FE594 /* Supporting Files */ = {
			isa = PBXGroup;
			children = (
				03884C1B1A683D6B000FE594 /* Info.plist */,
			);
			name = "Supporting Files";
			sourceTree = "<group>";
		};
		03884C2F1A683D6B000FE594 /* Swift-tac-toeTests */ = {
			isa = PBXGroup;
			children = (
				03884C321A683D6B000FE594 /* Swift_tac_toeTests.swift */,
				03884C301A683D6B000FE594 /* Supporting Files */,
			);
			path = "Swift-tac-toeTests";
			sourceTree = "<group>";
		};
		03884C301A683D6B000FE594 /* Supporting Files */ = {
			isa = PBXGroup;
			children = (
				03884C311A683D6B000FE594 /* Info.plist */,
			);
			name = "Supporting Files";
			sourceTree = "<group>";
		};
/* End PBXGroup section */

/* Begin PBXNativeTarget section */
		03884C161A683D6B000FE594 /* Swift-tac-toe */ = {
			isa = PBXNativeTarget;
			buildConfigurationList = 03884C361A683D6B000FE594 /* Build configuration list for PBXNativeTarget "Swift-tac-toe" */;
			buildPhases = (
				03884C131A683D6B000FE594 /* Sources */,
				03884C141A683D6B000FE594 /* Frameworks */,
				03884C151A683D6B000FE594 /* Resources */,
			);
			buildRules = (
			);
			dependencies = (
			);
			name = "Swift-tac-toe";
			productName = "Swift-tac-toe";
			productReference = 03884C171A683D6B000FE594 /* Swift-tac-toe.app */;
			productType = "com.apple.product-type.application";
		};
		03884C2B1A683D6B000FE594 /* Swift-tac-toeTests */ = {
			isa = PBXNativeTarget;
			buildConfigurationList = 03884C391A683D6B000FE594 /* Build configuration list for PBXNativeTarget "Swift-tac-toeTests" */;
			buildPhases = (
				03884C281A683D6B000FE594 /* Sources */,
				03884C291A683D6B000FE594 /* Frameworks */,
				03884C2A1A683D6B000FE594 /* Resources */,
			);
			buildRules = (
			);
			dependencies = (
				03884C2E1A683D6B000FE594 /* PBXTargetDependency */,
			);
			name = "Swift-tac-toeTests";
			productName = "Swift-tac-toeTests";
			productReference = 03884C2C1A683D6B000FE594 /* Swift-tac-toeTests.xctest */;
			productType = "com.apple.product-type.bundle.unit-test";
		};
/* End PBXNativeTarget section */

/* Begin PBXProject section */
		03884C0F1A683D6B000FE594 /* Project object */ = {
			isa = PBXProject;
			attributes = {
				LastUpgradeCheck = 0610;
				ORGANIZATIONNAME = kayann;
				TargetAttributes = {
					03884C161A683D6B000FE594 = {
						CreatedOnToolsVersion = 6.1.1;
					};
					03884C2B1A683D6B000FE594 = {
						CreatedOnToolsVersion = 6.1.1;
						TestTargetID = 03884C161A683D6B000FE594;
					};
				};
			};
			buildConfigurationList = 03884C121A683D6B000FE594 /* Build configuration list for PBXProject "Swift-tac-toe" */;
			compatibilityVersion = "Xcode 3.2";
			developmentRegion = English;
			hasScannedForEncodings = 0;
			knownRegions = (
				en,
				Base,
			);
			mainGroup = 03884C0E1A683D6B000FE594;
			productRefGroup = 03884C181A683D6B000FE594 /* Products */;
			projectDirPath = "";
			projectRoot = "";
			targets = (
				03884C161A683D6B000FE594 /* Swift-tac-toe */,
				03884C2B1A683D6B000FE594 /* Swift-tac-toeTests */,
			);
		};
/* End PBXProject section */

/* Begin PBXResourcesBuildPhase section */
		03884C151A683D6B000FE594 /* Resources */ = {
			isa = PBXResourcesBuildPhase;
			buildActionMask = 2147483647;
			files = (
				03884C221A683D6B000FE594 /* Main.storyboard in Resources */,
				03884C271A683D6B000FE594 /* LaunchScreen.xib in Resources */,
				03884C241A683D6B000FE594 /* Images.xcassets in Resources */,
			);
			runOnlyForDeploymentPostprocessing = 0;
		};
		03884C2A1A683D6B000FE594 /* Resources */ = {
			isa = PBXResourcesBuildPhase;
			buildActionMask = 2147483647;
			files = (
			);
			runOnlyForDeploymentPostprocessing = 0;
		};
/* End PBXResourcesBuildPhase section */

/* Begin PBXSourcesBuildPhase section */
		03884C131A683D6B000FE594 /* Sources */ = {
			isa = PBXSourcesBuildPhase;
			buildActionMask = 2147483647;
			files = (
				03884C1F1A683D6B000FE594 /* ViewController.swift in Sources */,
				03884C1D1A683D6B000FE594 /* AppDelegate.swift in Sources */,
			);
			runOnlyForDeploymentPostprocessing = 0;
		};
		03884C281A683D6B000FE594 /* Sources */ = {
			isa = PBXSourcesBuildPhase;
			buildActionMask = 2147483647;
			files = (
				03884C331A683D6B000FE594 /* Swift_tac_toeTests.swift in Sources */,
			);
			runOnlyForDeploymentPostprocessing = 0;
		};
/* End PBXSourcesBuildPhase section */

/* Begin PBXTargetDependency section */
		03884C2E1A683D6B000FE594 /* PBXTargetDependency */ = {
			isa = PBXTargetDependency;
			target = 03884C161A683D6B000FE594 /* Swift-tac-toe */;
			targetProxy = 03884C2D1A683D6B000FE594 /* PBXContainerItemProxy */;
		};
/* End PBXTargetDependency section */

/* Begin PBXVariantGroup section */
		03884C201A683D6B000FE594 /* Main.storyboard */ = {
			isa = PBXVariantGroup;
			children = (
				03884C211A683D6B000FE594 /* Base */,
			);
			name = Main.storyboard;
			sourceTree = "<group>";
		};
		03884C251A683D6B000FE594 /* LaunchScreen.xib */ = {
			isa = PBXVariantGroup;
			children = (
				03884C261A683D6B000FE594 /* Base */,
			);
			name = LaunchScreen.xib;
			sourceTree = "<group>";
		};
/* End PBXVariantGroup section */

/* Begin XCBuildConfiguration section */
		03884C341A683D6B000FE594 /* Debug */ = {
			isa = XCBuildConfiguration;
			buildSettings = {
				ALWAYS_SEARCH_USER_PATHS = NO;
				CLANG_CXX_LANGUAGE_STANDARD = "gnu++0x";
				CLANG_CXX_LIBRARY = "libc++";
				CLANG_ENABLE_MODULES = YES;
				CLANG_ENABLE_OBJC_ARC = YES;
				CLANG_WARN_BOOL_CONVERSION = YES;
				CLANG_WARN_CONSTANT_CONVERSION = YES;
				CLANG_WARN_DIRECT_OBJC_ISA_USAGE = YES_ERROR;
				CLANG_WARN_EMPTY_BODY = YES;
				CLANG_WARN_ENUM_CONVERSION = YES;
				CLANG_WARN_INT_CONVERSION = YES;
				CLANG_WARN_OBJC_ROOT_CLASS = YES_ERROR;
				CLANG_WARN_UNREACHABLE_CODE = YES;
				CLANG_WARN__DUPLICATE_METHOD_MATCH = YES;
				"CODE_SIGN_IDENTITY[sdk=iphoneos*]" = "iPhone Developer";
				COPY_PHASE_STRIP = NO;
				ENABLE_STRICT_OBJC_MSGSEND = YES;
				GCC_C_LANGUAGE_STANDARD = gnu99;
				GCC_DYNAMIC_NO_PIC = NO;
				GCC_OPTIMIZATION_LEVEL = 0;
				GCC_PREPROCESSOR_DEFINITIONS = (
					"DEBUG=1",
					"$(inherited)",
				);
				GCC_SYMBOLS_PRIVATE_EXTERN = NO;
				GCC_WARN_64_TO_32_BIT_CONVERSION = YES;
				GCC_WARN_ABOUT_RETURN_TYPE = YES_ERROR;
				GCC_WARN_UNDECLARED_SELECTOR = YES;
				GCC_WARN_UNINITIALIZED_AUTOS = YES_AGGRESSIVE;
				GCC_WARN_UNUSED_FUNCTION = YES;
				GCC_WARN_UNUSED_VARIABLE = YES;
				IPHONEOS_DEPLOYMENT_TARGET = 8.1;
				MTL_ENABLE_DEBUG_INFO = YES;
				ONLY_ACTIVE_ARCH = YES;
				SDKROOT = iphoneos;
				SWIFT_OPTIMIZATION_LEVEL = "-Onone";
			};
			name = Debug;
		};
		03884C351A683D6B000FE594 /* Release */ = {
			isa = XCBuildConfiguration;
			buildSettings = {
				ALWAYS_SEARCH_USER_PATHS = NO;
				CLANG_CXX_LANGUAGE_STANDARD = "gnu++0x";
				CLANG_CXX_LIBRARY = "libc++";
				CLANG_ENABLE_MODULES = YES;
				CLANG_ENABLE_OBJC_ARC = YES;
				CLANG_WARN_BOOL_CONVERSION = YES;
				CLANG_WARN_CONSTANT_CONVERSION = YES;
				CLANG_WARN_DIRECT_OBJC_ISA_USAGE = YES_ERROR;
				CLANG_WARN_EMPTY_BODY = YES;
				CLANG_WARN_ENUM_CONVERSION = YES;
				CLANG_WARN_INT_CONVERSION = YES;
				CLANG_WARN_OBJC_ROOT_CLASS = YES_ERROR;
				CLANG_WARN_UNREACHABLE_CODE = YES;
				CLANG_WARN__DUPLICATE_METHOD_MATCH = YES;
				"CODE_SIGN_IDENTITY[sdk=iphoneos*]" = "iPhone Developer";
				COPY_PHASE_STRIP = YES;
				ENABLE_NS_ASSERTIONS = NO;
				ENABLE_STRICT_OBJC_MSGSEND = YES;
				GCC_C_LANGUAGE_STANDARD = gnu99;
				GCC_WARN_64_TO_32_BIT_CONVERSION = YES;
				GCC_WARN_ABOUT_RETURN_TYPE = YES_ERROR;
				GCC_WARN_UNDECLARED_SELECTOR = YES;
				GCC_WARN_UNINITIALIZED_AUTOS = YES_AGGRESSIVE;
				GCC_WARN_UNUSED_FUNCTION = YES;
				GCC_WARN_UNUSED_VARIABLE = YES;
				IPHONEOS_DEPLOYMENT_TARGET = 8.1;
				MTL_ENABLE_DEBUG_INFO = NO;
				SDKROOT = iphoneos;
				VALIDATE_PRODUCT = YES;
			};
			name = Release;
		};
		03884C371A683D6B000FE594 /* Debug */ = {
			isa = XCBuildConfiguration;
			buildSettings = {
				ASSETCATALOG_COMPILER_APPICON_NAME = AppIcon;
				INFOPLIST_FILE = "Swift-tac-toe/Info.plist";
				LD_RUNPATH_SEARCH_PATHS = "$(inherited) @executable_path/Frameworks";
				PRODUCT_NAME = "$(TARGET_NAME)";
			};
			name = Debug;
		};
		03884C381A683D6B000FE594 /* Release */ = {
			isa = XCBuildConfiguration;
			buildSettings = {
				ASSETCATALOG_COMPILER_APPICON_NAME = AppIcon;
				INFOPLIST_FILE = "Swift-tac-toe/Info.plist";
				LD_RUNPATH_SEARCH_PATHS = "$(inherited) @executable_path/Frameworks";
				PRODUCT_NAME = "$(TARGET_NAME)";
			};
			name = Release;
		};
		03884C3A1A683D6B000FE594 /* Debug */ = {
			isa = XCBuildConfiguration;
			buildSettings = {
				BUNDLE_LOADER = "$(TEST_HOST)";
				FRAMEWORK_SEARCH_PATHS = (
					"$(SDKROOT)/Developer/Library/Frameworks",
					"$(inherited)",
				);
				GCC_PREPROCESSOR_DEFINITIONS = (
					"DEBUG=1",
					"$(inherited)",
				);
				INFOPLIST_FILE = "Swift-tac-toeTests/Info.plist";
				LD_RUNPATH_SEARCH_PATHS = "$(inherited) @executable_path/Frameworks @loader_path/Frameworks";
				PRODUCT_NAME = "$(TARGET_NAME)";
				TEST_HOST = "$(BUILT_PRODUCTS_DIR)/Swift-tac-toe.app/Swift-tac-toe";
			};
			name = Debug;
		};
		03884C3B1A683D6B000FE594 /* Release */ = {
			isa = XCBuildConfiguration;
			buildSettings = {
				BUNDLE_LOADER = "$(TEST_HOST)";
				FRAMEWORK_SEARCH_PATHS = (
					"$(SDKROOT)/Developer/Library/Frameworks",
					"$(inherited)",
				);
				INFOPLIST_FILE = "Swift-tac-toeTests/Info.plist";
				LD_RUNPATH_SEARCH_PATHS = "$(inherited) @executable_path/Frameworks @loader_path/Frameworks";
				PRODUCT_NAME = "$(TARGET_NAME)";
				TEST_HOST = "$(BUILT_PRODUCTS_DIR)/Swift-tac-toe.app/Swift-tac-toe";
			};
			name = Release;
		};
/* End XCBuildConfiguration section */

/* Begin XCConfigurationList section */
		03884C121A683D6B000FE594 /* Build configuration list for PBXProject "Swift-tac-toe" */ = {
			isa = XCConfigurationList;
			buildConfigurations = (
				03884C341A683D6B000FE594 /* Debug */,
				03884C351A683D6B000FE594 /* Release */,
			);
			defaultConfigurationIsVisible = 0;
			defaultConfigurationName = Release;
		};
		03884C361A683D6B000FE594 /* Build configuration list for PBXNativeTarget "Swift-tac-toe" */ = {
			isa = XCConfigurationList;
			buildConfigurations = (
				03884C371A683D6B000FE594 /* Debug */,
				03884C381A683D6B000FE594 /* Release */,
			);
			defaultConfigurationIsVisible = 0;
		};
		03884C391A683D6B000FE594 /* Build configuration list for PBXNativeTarget "Swift-tac-toeTests" */ = {
			isa = XCConfigurationList;
			buildConfigurations = (
				03884C3A1A683D6B000FE594 /* Debug */,
				03884C3B1A683D6B000FE594 /* Release */,
			);
			defaultConfigurationIsVisible = 0;
		};
/* End XCConfigurationList section */
	};
	rootObject = 03884C0F1A683D6B000FE594 /* Project object */;
}
